
Microsoft Visual Studio Solution File, Format Version 12.00
# Visual Studio Version 17
VisualStudioVersion = 17.0.31912.275
MinimumVisualStudioVersion = 10.0.40219.1
Project("{9A19103F-16F7-4668-BE54-9A1E7A4F7556}") = "LojaReal", "LojaReal\LojaReal.csproj", "{5F775FEB-96BB-47D9-A2E3-EE8856BA021D}"
EndProject
Project("{9A19103F-16F7-4668-BE54-9A1E7A4F7556}") = "Service", "Service\Service.csproj", "{8625FF6E-9B07-41DF-BBC0-AF697B5985B8}"
EndProject
Project("{FAE04EC0-301F-11D3-BF4B-00C04F79EFBC}") = "DataAccess", "DataAccess\DataAccess.csproj", "{9A988EEE-73A6-45C6-BE94-B6F08B5E1A76}"
EndProject
Global
	GlobalSection(SolutionConfigurationPlatforms) = preSolution
		Debug|Any CPU = Debug|Any CPU
		Release|Any CPU = Release|Any CPU
	EndGlobalSection
	GlobalSection(ProjectConfigurationPlatforms) = postSolution
		{5F775FEB-96BB-47D9-A2E3-EE8856BA021D}.Debug|Any CPU.ActiveCfg = Debug|Any CPU
		{5F775FEB-96BB-47D9-A2E3-EE8856BA021D}.Debug|Any CPU.Build.0 = Debug|Any CPU
		{5F775FEB-96BB-47D9-A2E3-EE8856BA021D}.Release|Any CPU.ActiveCfg = Release|Any CPU
		{5F775FEB-96BB-47D9-A2E3-EE8856BA021D}.Release|Any CPU.Build.0 = Release|Any CPU
		{8625FF6E-9B07-41DF-BBC0-AF697B5985B8}.Debug|Any CPU.ActiveCfg = Debug|Any CPU
		{8625FF6E-9B07-41DF-BBC0-AF697B5985B8}.Debug|Any CPU.Build.0 = Debug|Any CPU
		{8625FF6E-9B07-41DF-BBC0-AF697B5985B8}.Release|Any CPU.ActiveCfg = Release|Any CPU
		{8625FF6E-9B07-41DF-BBC0-AF697B5985B8}.Release|Any CPU.Build.0 = Release|Any CPU
		{9A988EEE-73A6-45C6-BE94-B6F08B5E1A76}.Debug|Any CPU.ActiveCfg = Debug|Any CPU
		{9A988EEE-73A6-45C6-BE94-B6F08B5E1A76}.Debug|Any CPU.Build.0 = Debug|Any CPU
		{9A988EEE-73A6-45C6-BE94-B6F08B5E1A76}.Release|Any CPU.ActiveCfg = Release|Any CPU
		{9A988EEE-73A6-45C6-BE94-B6F08B5E1A76}.Release|Any CPU.Build.0 = Release|Any CPU
	EndGlobalSection
	GlobalSection(SolutionProperties) = preSolution
		HideSolutionNode = FALSE
	EndGlobalSection
	GlobalSection(ExtensibilityGlobals) = postSolution
		SolutionGuid = {70D84C01-8672-4698-B816-30136E6637B4}
	EndGlobalSection
EndGlobal
